{
  "version": 4,
  "terraform_version": "1.1.7",
  "serial": 15,
  "lineage": "26c973ef-69e9-64b2-b4cc-108983296112",
  "outputs": {
    "from_bastion": {
      "value": [
        {
          "bastion_dns": "ec2-3-34-49-2.ap-northeast-2.compute.amazonaws.com"
        }
      ],
      "type": [
        "tuple",
        [
          [
            "object",
            {
              "bastion_dns": "string"
            }
          ]
        ]
      ]
    },
    "from_vpc": {
      "value": [
        {
          "azs": [
            "ap-northeast-2a",
            "ap-northeast-2b"
          ],
          "cgw_arns": [],
          "cgw_ids": [],
          "database_internet_gateway_route_id": "",
          "database_ipv6_egress_route_id": "",
          "database_nat_gateway_route_ids": [],
          "database_network_acl_arn": "",
          "database_network_acl_id": "",
          "database_route_table_association_ids": [],
          "database_route_table_ids": [],
          "database_subnet_arns": [],
          "database_subnet_group": "",
          "database_subnet_group_name": "",
          "database_subnets": [],
          "database_subnets_cidr_blocks": [],
          "database_subnets_ipv6_cidr_blocks": [],
          "default_network_acl_id": "acl-0e9671331ed8d818a",
          "default_route_table_id": "rtb-0e6bd0e81a3b044fc",
          "default_security_group_id": "sg-0ec804bed732ca6f5",
          "default_vpc_arn": "",
          "default_vpc_cidr_block": "",
          "default_vpc_default_network_acl_id": "",
          "default_vpc_default_route_table_id": "",
          "default_vpc_default_security_group_id": "",
          "default_vpc_enable_dns_hostnames": "",
          "default_vpc_enable_dns_support": "",
          "default_vpc_id": "",
          "default_vpc_instance_tenancy": "",
          "default_vpc_main_route_table_id": "",
          "dhcp_options_id": "",
          "egress_only_internet_gateway_id": "",
          "elasticache_network_acl_arn": "",
          "elasticache_network_acl_id": "",
          "elasticache_route_table_association_ids": [],
          "elasticache_route_table_ids": [],
          "elasticache_subnet_arns": [],
          "elasticache_subnet_group": "",
          "elasticache_subnet_group_name": "",
          "elasticache_subnets": [],
          "elasticache_subnets_cidr_blocks": [],
          "elasticache_subnets_ipv6_cidr_blocks": [],
          "igw_arn": "arn:aws:ec2:ap-northeast-2:525017980305:internet-gateway/igw-02d8512a67deab767",
          "igw_id": "igw-02d8512a67deab767",
          "intra_network_acl_arn": "",
          "intra_network_acl_id": "",
          "intra_route_table_association_ids": [],
          "intra_route_table_ids": [],
          "intra_subnet_arns": [],
          "intra_subnets": [],
          "intra_subnets_cidr_blocks": [],
          "intra_subnets_ipv6_cidr_blocks": [],
          "name": "eks-innfi",
          "nat_ids": [],
          "nat_public_ips": [],
          "natgw_ids": [],
          "outpost_network_acl_arn": "",
          "outpost_network_acl_id": "",
          "outpost_subnet_arns": [],
          "outpost_subnets": [],
          "outpost_subnets_cidr_blocks": [],
          "outpost_subnets_ipv6_cidr_blocks": [],
          "private_ipv6_egress_route_ids": [],
          "private_nat_gateway_route_ids": [],
          "private_network_acl_arn": "",
          "private_network_acl_id": "",
          "private_route_table_association_ids": [],
          "private_route_table_ids": [],
          "private_subnet_arns": [],
          "private_subnets": [],
          "private_subnets_cidr_blocks": [],
          "private_subnets_ipv6_cidr_blocks": [],
          "public_internet_gateway_ipv6_route_id": "",
          "public_internet_gateway_route_id": "r-rtb-00398c73701938bf21080289494",
          "public_network_acl_arn": "",
          "public_network_acl_id": "",
          "public_route_table_association_ids": [
            "rtbassoc-0025ad5b9edb0742a",
            "rtbassoc-0af0214a3e928681f"
          ],
          "public_route_table_ids": [
            "rtb-00398c73701938bf2"
          ],
          "public_subnet_arns": [
            "arn:aws:ec2:ap-northeast-2:525017980305:subnet/subnet-0d73be290092121b3",
            "arn:aws:ec2:ap-northeast-2:525017980305:subnet/subnet-0b199de9d8b057004"
          ],
          "public_subnets": [
            "subnet-0d73be290092121b3",
            "subnet-0b199de9d8b057004"
          ],
          "public_subnets_cidr_blocks": [
            "10.0.4.0/24",
            "10.0.5.0/24"
          ],
          "public_subnets_ipv6_cidr_blocks": [
            "",
            ""
          ],
          "redshift_network_acl_arn": "",
          "redshift_network_acl_id": "",
          "redshift_public_route_table_association_ids": [],
          "redshift_route_table_association_ids": [],
          "redshift_route_table_ids": [],
          "redshift_subnet_arns": [],
          "redshift_subnet_group": "",
          "redshift_subnets": [],
          "redshift_subnets_cidr_blocks": [],
          "redshift_subnets_ipv6_cidr_blocks": [],
          "this_customer_gateway": {},
          "vgw_arn": "",
          "vgw_id": "",
          "vpc_arn": "arn:aws:ec2:ap-northeast-2:525017980305:vpc/vpc-01414904653cdbe6d",
          "vpc_cidr_block": "10.0.0.0/16",
          "vpc_enable_dns_hostnames": true,
          "vpc_enable_dns_support": true,
          "vpc_flow_log_cloudwatch_iam_role_arn": "",
          "vpc_flow_log_destination_arn": "",
          "vpc_flow_log_destination_type": "cloud-watch-logs",
          "vpc_flow_log_id": "",
          "vpc_id": "vpc-01414904653cdbe6d",
          "vpc_instance_tenancy": "default",
          "vpc_ipv6_association_id": "",
          "vpc_ipv6_cidr_block": "",
          "vpc_main_route_table_id": "rtb-0e6bd0e81a3b044fc",
          "vpc_owner_id": "525017980305",
          "vpc_secondary_cidr_blocks": []
        }
      ],
      "type": [
        "tuple",
        [
          [
            "object",
            {
              "azs": [
                "list",
                "string"
              ],
              "cgw_arns": [
                "tuple",
                []
              ],
              "cgw_ids": [
                "tuple",
                []
              ],
              "database_internet_gateway_route_id": "string",
              "database_ipv6_egress_route_id": "string",
              "database_nat_gateway_route_ids": [
                "tuple",
                []
              ],
              "database_network_acl_arn": "string",
              "database_network_acl_id": "string",
              "database_route_table_association_ids": [
                "tuple",
                []
              ],
              "database_route_table_ids": [
                "tuple",
                []
              ],
              "database_subnet_arns": [
                "tuple",
                []
              ],
              "database_subnet_group": "string",
              "database_subnet_group_name": "string",
              "database_subnets": [
                "tuple",
                []
              ],
              "database_subnets_cidr_blocks": [
                "tuple",
                []
              ],
              "database_subnets_ipv6_cidr_blocks": [
                "tuple",
                []
              ],
              "default_network_acl_id": "string",
              "default_route_table_id": "string",
              "default_security_group_id": "string",
              "default_vpc_arn": "string",
              "default_vpc_cidr_block": "string",
              "default_vpc_default_network_acl_id": "string",
              "default_vpc_default_route_table_id": "string",
              "default_vpc_default_security_group_id": "string",
              "default_vpc_enable_dns_hostnames": "string",
              "default_vpc_enable_dns_support": "string",
              "default_vpc_id": "string",
              "default_vpc_instance_tenancy": "string",
              "default_vpc_main_route_table_id": "string",
              "dhcp_options_id": "string",
              "egress_only_internet_gateway_id": "string",
              "elasticache_network_acl_arn": "string",
              "elasticache_network_acl_id": "string",
              "elasticache_route_table_association_ids": [
                "tuple",
                []
              ],
              "elasticache_route_table_ids": [
                "tuple",
                []
              ],
              "elasticache_subnet_arns": [
                "tuple",
                []
              ],
              "elasticache_subnet_group": "string",
              "elasticache_subnet_group_name": "string",
              "elasticache_subnets": [
                "tuple",
                []
              ],
              "elasticache_subnets_cidr_blocks": [
                "tuple",
                []
              ],
              "elasticache_subnets_ipv6_cidr_blocks": [
                "tuple",
                []
              ],
              "igw_arn": "string",
              "igw_id": "string",
              "intra_network_acl_arn": "string",
              "intra_network_acl_id": "string",
              "intra_route_table_association_ids": [
                "tuple",
                []
              ],
              "intra_route_table_ids": [
                "tuple",
                []
              ],
              "intra_subnet_arns": [
                "tuple",
                []
              ],
              "intra_subnets": [
                "tuple",
                []
              ],
              "intra_subnets_cidr_blocks": [
                "tuple",
                []
              ],
              "intra_subnets_ipv6_cidr_blocks": [
                "tuple",
                []
              ],
              "name": "string",
              "nat_ids": [
                "tuple",
                []
              ],
              "nat_public_ips": [
                "list",
                "string"
              ],
              "natgw_ids": [
                "tuple",
                []
              ],
              "outpost_network_acl_arn": "string",
              "outpost_network_acl_id": "string",
              "outpost_subnet_arns": [
                "tuple",
                []
              ],
              "outpost_subnets": [
                "tuple",
                []
              ],
              "outpost_subnets_cidr_blocks": [
                "tuple",
                []
              ],
              "outpost_subnets_ipv6_cidr_blocks": [
                "tuple",
                []
              ],
              "private_ipv6_egress_route_ids": [
                "tuple",
                []
              ],
              "private_nat_gateway_route_ids": [
                "tuple",
                []
              ],
              "private_network_acl_arn": "string",
              "private_network_acl_id": "string",
              "private_route_table_association_ids": [
                "tuple",
                []
              ],
              "private_route_table_ids": [
                "tuple",
                []
              ],
              "private_subnet_arns": [
                "tuple",
                []
              ],
              "private_subnets": [
                "tuple",
                []
              ],
              "private_subnets_cidr_blocks": [
                "tuple",
                []
              ],
              "private_subnets_ipv6_cidr_blocks": [
                "tuple",
                []
              ],
              "public_internet_gateway_ipv6_route_id": "string",
              "public_internet_gateway_route_id": "string",
              "public_network_acl_arn": "string",
              "public_network_acl_id": "string",
              "public_route_table_association_ids": [
                "tuple",
                [
                  "string",
                  "string"
                ]
              ],
              "public_route_table_ids": [
                "tuple",
                [
                  "string"
                ]
              ],
              "public_subnet_arns": [
                "tuple",
                [
                  "string",
                  "string"
                ]
              ],
              "public_subnets": [
                "tuple",
                [
                  "string",
                  "string"
                ]
              ],
              "public_subnets_cidr_blocks": [
                "tuple",
                [
                  "string",
                  "string"
                ]
              ],
              "public_subnets_ipv6_cidr_blocks": [
                "tuple",
                [
                  "string",
                  "string"
                ]
              ],
              "redshift_network_acl_arn": "string",
              "redshift_network_acl_id": "string",
              "redshift_public_route_table_association_ids": [
                "tuple",
                []
              ],
              "redshift_route_table_association_ids": [
                "tuple",
                []
              ],
              "redshift_route_table_ids": [
                "list",
                "string"
              ],
              "redshift_subnet_arns": [
                "tuple",
                []
              ],
              "redshift_subnet_group": "string",
              "redshift_subnets": [
                "tuple",
                []
              ],
              "redshift_subnets_cidr_blocks": [
                "tuple",
                []
              ],
              "redshift_subnets_ipv6_cidr_blocks": [
                "tuple",
                []
              ],
              "this_customer_gateway": [
                "object",
                {}
              ],
              "vgw_arn": "string",
              "vgw_id": "string",
              "vpc_arn": "string",
              "vpc_cidr_block": "string",
              "vpc_enable_dns_hostnames": "bool",
              "vpc_enable_dns_support": "bool",
              "vpc_flow_log_cloudwatch_iam_role_arn": "string",
              "vpc_flow_log_destination_arn": "string",
              "vpc_flow_log_destination_type": "string",
              "vpc_flow_log_id": "string",
              "vpc_id": "string",
              "vpc_instance_tenancy": "string",
              "vpc_ipv6_association_id": "string",
              "vpc_ipv6_cidr_block": "string",
              "vpc_main_route_table_id": "string",
              "vpc_owner_id": "string",
              "vpc_secondary_cidr_blocks": [
                "tuple",
                []
              ]
            }
          ]
        ]
      ]
    }
  },
  "resources": [
    {
      "module": "module.bastion",
      "mode": "managed",
      "type": "aws_instance",
      "name": "eks-bastion",
      "provider": "provider[\"registry.terraform.io/hashicorp/aws\"]",
      "instances": [
        {
          "schema_version": 1,
          "attributes": {
            "ami": "ami-033a6a056910d1137",
            "arn": "arn:aws:ec2:ap-northeast-2:525017980305:instance/i-012ed11c67f075995",
            "associate_public_ip_address": true,
            "availability_zone": "ap-northeast-2a",
            "capacity_reservation_specification": [
              {
                "capacity_reservation_preference": "open",
                "capacity_reservation_target": []
              }
            ],
            "cpu_core_count": 1,
            "cpu_threads_per_core": 1,
            "credit_specification": [
              {
                "cpu_credits": "standard"
              }
            ],
            "disable_api_termination": false,
            "ebs_block_device": [],
            "ebs_optimized": false,
            "enclave_options": [
              {
                "enabled": false
              }
            ],
            "ephemeral_block_device": [],
            "get_password_data": false,
            "hibernation": false,
            "host_id": null,
            "iam_instance_profile": "",
            "id": "i-012ed11c67f075995",
            "instance_initiated_shutdown_behavior": "stop",
            "instance_state": "running",
            "instance_type": "t2.micro",
            "ipv6_address_count": 0,
            "ipv6_addresses": [],
            "key_name": "InnfisKey",
            "launch_template": [],
            "metadata_options": [
              {
                "http_endpoint": "enabled",
                "http_put_response_hop_limit": 1,
                "http_tokens": "optional",
                "instance_metadata_tags": "disabled"
              }
            ],
            "monitoring": false,
            "network_interface": [],
            "outpost_arn": "",
            "password_data": "",
            "placement_group": "",
            "placement_partition_number": null,
            "primary_network_interface_id": "eni-0e6737d27d86b0b92",
            "private_dns": "ip-10-0-4-242.ap-northeast-2.compute.internal",
            "private_ip": "10.0.4.242",
            "public_dns": "ec2-3-34-49-2.ap-northeast-2.compute.amazonaws.com",
            "public_ip": "3.34.49.2",
            "root_block_device": [
              {
                "delete_on_termination": true,
                "device_name": "/dev/xvda",
                "encrypted": false,
                "iops": 100,
                "kms_key_id": "",
                "tags": {},
                "throughput": 0,
                "volume_id": "vol-09e648bc4bda22fc9",
                "volume_size": 8,
                "volume_type": "gp2"
              }
            ],
            "secondary_private_ips": [],
            "security_groups": [],
            "source_dest_check": true,
            "subnet_id": "subnet-0d73be290092121b3",
            "tags": {
              "Name": "eks-bastion"
            },
            "tags_all": {
              "Name": "eks-bastion"
            },
            "tenancy": "default",
            "timeouts": null,
            "user_data": null,
            "user_data_base64": null,
            "user_data_replace_on_change": false,
            "volume_tags": null,
            "vpc_security_group_ids": [
              "sg-005733327802bae9d"
            ]
          },
          "sensitive_attributes": [],
          "private": "eyJlMmJmYjczMC1lY2FhLTExZTYtOGY4OC0zNDM2M2JjN2M0YzAiOnsiY3JlYXRlIjo2MDAwMDAwMDAwMDAsImRlbGV0ZSI6MTIwMDAwMDAwMDAwMCwidXBkYXRlIjo2MDAwMDAwMDAwMDB9LCJzY2hlbWFfdmVyc2lvbiI6IjEifQ==",
          "dependencies": [
            "module.bastion.aws_security_group.eks-bastion",
            "module.vpc.aws_subnet.public",
            "module.vpc.aws_vpc.this"
          ]
        }
      ]
    },
    {
      "module": "module.bastion",
      "mode": "managed",
      "type": "aws_security_group",
      "name": "eks-bastion",
      "provider": "provider[\"registry.terraform.io/hashicorp/aws\"]",
      "instances": [
        {
          "schema_version": 1,
          "attributes": {
            "arn": "arn:aws:ec2:ap-northeast-2:525017980305:security-group/sg-005733327802bae9d",
            "description": "Managed by Terraform",
            "egress": [],
            "id": "sg-005733327802bae9d",
            "ingress": [],
            "name": "eks-bastion",
            "name_prefix": "",
            "owner_id": "525017980305",
            "revoke_rules_on_delete": false,
            "tags": {
              "Name": "eks-bastion"
            },
            "tags_all": {
              "Name": "eks-bastion"
            },
            "timeouts": null,
            "vpc_id": "vpc-01414904653cdbe6d"
          },
          "sensitive_attributes": [],
          "private": "eyJlMmJmYjczMC1lY2FhLTExZTYtOGY4OC0zNDM2M2JjN2M0YzAiOnsiY3JlYXRlIjo2MDAwMDAwMDAwMDAsImRlbGV0ZSI6OTAwMDAwMDAwMDAwfSwic2NoZW1hX3ZlcnNpb24iOiIxIn0=",
          "dependencies": [
            "module.vpc.aws_vpc.this"
          ]
        }
      ]
    },
    {
      "module": "module.bastion",
      "mode": "managed",
      "type": "aws_security_group_rule",
      "name": "eks-bastion-egress",
      "provider": "provider[\"registry.terraform.io/hashicorp/aws\"]",
      "instances": [
        {
          "schema_version": 2,
          "attributes": {
            "cidr_blocks": [
              "0.0.0.0/0"
            ],
            "description": null,
            "from_port": 0,
            "id": "sgrule-3461137116",
            "ipv6_cidr_blocks": null,
            "prefix_list_ids": null,
            "protocol": "-1",
            "security_group_id": "sg-005733327802bae9d",
            "self": false,
            "source_security_group_id": null,
            "to_port": 0,
            "type": "egress"
          },
          "sensitive_attributes": [],
          "private": "eyJzY2hlbWFfdmVyc2lvbiI6IjIifQ==",
          "dependencies": [
            "module.bastion.aws_security_group.eks-bastion",
            "module.vpc.aws_vpc.this"
          ]
        }
      ]
    },
    {
      "module": "module.bastion",
      "mode": "managed",
      "type": "aws_security_group_rule",
      "name": "eks-bastion-ingress",
      "provider": "provider[\"registry.terraform.io/hashicorp/aws\"]",
      "instances": [
        {
          "schema_version": 2,
          "attributes": {
            "cidr_blocks": [
              "58.143.157.64/32"
            ],
            "description": null,
            "from_port": 22,
            "id": "sgrule-3793073581",
            "ipv6_cidr_blocks": null,
            "prefix_list_ids": null,
            "protocol": "tcp",
            "security_group_id": "sg-005733327802bae9d",
            "self": false,
            "source_security_group_id": null,
            "to_port": 22,
            "type": "ingress"
          },
          "sensitive_attributes": [],
          "private": "eyJzY2hlbWFfdmVyc2lvbiI6IjIifQ==",
          "dependencies": [
            "module.bastion.aws_security_group.eks-bastion",
            "module.vpc.aws_vpc.this"
          ]
        }
      ]
    },
    {
      "module": "module.bastion",
      "mode": "managed",
      "type": "aws_security_group_rule",
      "name": "ingress-control",
      "provider": "provider[\"registry.terraform.io/hashicorp/aws\"]",
      "instances": [
        {
          "schema_version": 2,
          "attributes": {
            "cidr_blocks": null,
            "description": null,
            "from_port": 0,
            "id": "sgrule-1489713680",
            "ipv6_cidr_blocks": null,
            "prefix_list_ids": null,
            "protocol": "-1",
            "security_group_id": "sg-0ec804bed732ca6f5",
            "self": false,
            "source_security_group_id": "sg-005733327802bae9d",
            "to_port": 0,
            "type": "ingress"
          },
          "sensitive_attributes": [],
          "private": "eyJzY2hlbWFfdmVyc2lvbiI6IjIifQ==",
          "dependencies": [
            "module.bastion.aws_security_group.eks-bastion",
            "module.vpc.aws_vpc.this"
          ]
        }
      ]
    },
    {
      "module": "module.vpc",
      "mode": "managed",
      "type": "aws_internet_gateway",
      "name": "this",
      "provider": "provider[\"registry.terraform.io/hashicorp/aws\"]",
      "instances": [
        {
          "index_key": 0,
          "schema_version": 0,
          "attributes": {
            "arn": "arn:aws:ec2:ap-northeast-2:525017980305:internet-gateway/igw-02d8512a67deab767",
            "id": "igw-02d8512a67deab767",
            "owner_id": "525017980305",
            "tags": {
              "ClusterTag": "eks-innfi",
              "Name": "eks-innfi"
            },
            "tags_all": {
              "ClusterTag": "eks-innfi",
              "Name": "eks-innfi"
            },
            "vpc_id": "vpc-01414904653cdbe6d"
          },
          "sensitive_attributes": [],
          "private": "bnVsbA==",
          "dependencies": [
            "module.vpc.aws_vpc.this",
            "module.vpc.aws_vpc_ipv4_cidr_block_association.this"
          ]
        }
      ]
    },
    {
      "module": "module.vpc",
      "mode": "managed",
      "type": "aws_route",
      "name": "public_internet_gateway",
      "provider": "provider[\"registry.terraform.io/hashicorp/aws\"]",
      "instances": [
        {
          "index_key": 0,
          "schema_version": 0,
          "attributes": {
            "carrier_gateway_id": "",
            "destination_cidr_block": "0.0.0.0/0",
            "destination_ipv6_cidr_block": "",
            "destination_prefix_list_id": "",
            "egress_only_gateway_id": "",
            "gateway_id": "igw-02d8512a67deab767",
            "id": "r-rtb-00398c73701938bf21080289494",
            "instance_id": "",
            "instance_owner_id": "",
            "local_gateway_id": "",
            "nat_gateway_id": "",
            "network_interface_id": "",
            "origin": "CreateRoute",
            "route_table_id": "rtb-00398c73701938bf2",
            "state": "active",
            "timeouts": {
              "create": "5m",
              "delete": null,
              "update": null
            },
            "transit_gateway_id": "",
            "vpc_endpoint_id": "",
            "vpc_peering_connection_id": ""
          },
          "sensitive_attributes": [],
          "private": "eyJlMmJmYjczMC1lY2FhLTExZTYtOGY4OC0zNDM2M2JjN2M0YzAiOnsiY3JlYXRlIjozMDAwMDAwMDAwMDAsImRlbGV0ZSI6MzAwMDAwMDAwMDAwLCJ1cGRhdGUiOjEyMDAwMDAwMDAwMH19",
          "dependencies": [
            "module.vpc.aws_internet_gateway.this",
            "module.vpc.aws_route_table.public",
            "module.vpc.aws_vpc.this",
            "module.vpc.aws_vpc_ipv4_cidr_block_association.this"
          ]
        }
      ]
    },
    {
      "module": "module.vpc",
      "mode": "managed",
      "type": "aws_route_table",
      "name": "public",
      "provider": "provider[\"registry.terraform.io/hashicorp/aws\"]",
      "instances": [
        {
          "index_key": 0,
          "schema_version": 0,
          "attributes": {
            "arn": "arn:aws:ec2:ap-northeast-2:525017980305:route-table/rtb-00398c73701938bf2",
            "id": "rtb-00398c73701938bf2",
            "owner_id": "525017980305",
            "propagating_vgws": [],
            "route": [
              {
                "carrier_gateway_id": "",
                "cidr_block": "0.0.0.0/0",
                "destination_prefix_list_id": "",
                "egress_only_gateway_id": "",
                "gateway_id": "igw-02d8512a67deab767",
                "instance_id": "",
                "ipv6_cidr_block": "",
                "local_gateway_id": "",
                "nat_gateway_id": "",
                "network_interface_id": "",
                "transit_gateway_id": "",
                "vpc_endpoint_id": "",
                "vpc_peering_connection_id": ""
              }
            ],
            "tags": {
              "ClusterTag": "eks-innfi",
              "Name": "eks-innfi-public"
            },
            "tags_all": {
              "ClusterTag": "eks-innfi",
              "Name": "eks-innfi-public"
            },
            "timeouts": null,
            "vpc_id": "vpc-01414904653cdbe6d"
          },
          "sensitive_attributes": [],
          "private": "eyJlMmJmYjczMC1lY2FhLTExZTYtOGY4OC0zNDM2M2JjN2M0YzAiOnsiY3JlYXRlIjozMDAwMDAwMDAwMDAsImRlbGV0ZSI6MzAwMDAwMDAwMDAwLCJ1cGRhdGUiOjEyMDAwMDAwMDAwMH19",
          "dependencies": [
            "module.vpc.aws_vpc.this",
            "module.vpc.aws_vpc_ipv4_cidr_block_association.this"
          ]
        }
      ]
    },
    {
      "module": "module.vpc",
      "mode": "managed",
      "type": "aws_route_table_association",
      "name": "public",
      "provider": "provider[\"registry.terraform.io/hashicorp/aws\"]",
      "instances": [
        {
          "index_key": 0,
          "schema_version": 0,
          "attributes": {
            "gateway_id": "",
            "id": "rtbassoc-0025ad5b9edb0742a",
            "route_table_id": "rtb-00398c73701938bf2",
            "subnet_id": "subnet-0d73be290092121b3"
          },
          "sensitive_attributes": [],
          "private": "bnVsbA==",
          "dependencies": [
            "module.vpc.aws_route_table.public",
            "module.vpc.aws_subnet.public",
            "module.vpc.aws_vpc.this",
            "module.vpc.aws_vpc_ipv4_cidr_block_association.this"
          ]
        },
        {
          "index_key": 1,
          "schema_version": 0,
          "attributes": {
            "gateway_id": "",
            "id": "rtbassoc-0af0214a3e928681f",
            "route_table_id": "rtb-00398c73701938bf2",
            "subnet_id": "subnet-0b199de9d8b057004"
          },
          "sensitive_attributes": [],
          "private": "bnVsbA==",
          "dependencies": [
            "module.vpc.aws_route_table.public",
            "module.vpc.aws_subnet.public",
            "module.vpc.aws_vpc.this",
            "module.vpc.aws_vpc_ipv4_cidr_block_association.this"
          ]
        }
      ]
    },
    {
      "module": "module.vpc",
      "mode": "managed",
      "type": "aws_subnet",
      "name": "public",
      "provider": "provider[\"registry.terraform.io/hashicorp/aws\"]",
      "instances": [
        {
          "index_key": 0,
          "schema_version": 1,
          "attributes": {
            "arn": "arn:aws:ec2:ap-northeast-2:525017980305:subnet/subnet-0d73be290092121b3",
            "assign_ipv6_address_on_creation": false,
            "availability_zone": "ap-northeast-2a",
            "availability_zone_id": "apne2-az1",
            "cidr_block": "10.0.4.0/24",
            "customer_owned_ipv4_pool": "",
            "enable_dns64": false,
            "enable_resource_name_dns_a_record_on_launch": false,
            "enable_resource_name_dns_aaaa_record_on_launch": false,
            "id": "subnet-0d73be290092121b3",
            "ipv6_cidr_block": "",
            "ipv6_cidr_block_association_id": "",
            "ipv6_native": false,
            "map_customer_owned_ip_on_launch": false,
            "map_public_ip_on_launch": true,
            "outpost_arn": "",
            "owner_id": "525017980305",
            "private_dns_hostname_type_on_launch": "ip-name",
            "tags": {
              "ClusterTag": "eks-innfi",
              "Name": "eks-innfi-public-ap-northeast-2a",
              "kubernetes.io/cluster/eks-innfi": "shared",
              "kubernetes.io/role/elb": "1"
            },
            "tags_all": {
              "ClusterTag": "eks-innfi",
              "Name": "eks-innfi-public-ap-northeast-2a",
              "kubernetes.io/cluster/eks-innfi": "shared",
              "kubernetes.io/role/elb": "1"
            },
            "timeouts": null,
            "vpc_id": "vpc-01414904653cdbe6d"
          },
          "sensitive_attributes": [],
          "private": "eyJlMmJmYjczMC1lY2FhLTExZTYtOGY4OC0zNDM2M2JjN2M0YzAiOnsiY3JlYXRlIjo2MDAwMDAwMDAwMDAsImRlbGV0ZSI6MTIwMDAwMDAwMDAwMH0sInNjaGVtYV92ZXJzaW9uIjoiMSJ9",
          "dependencies": [
            "module.vpc.aws_vpc.this",
            "module.vpc.aws_vpc_ipv4_cidr_block_association.this"
          ]
        },
        {
          "index_key": 1,
          "schema_version": 1,
          "attributes": {
            "arn": "arn:aws:ec2:ap-northeast-2:525017980305:subnet/subnet-0b199de9d8b057004",
            "assign_ipv6_address_on_creation": false,
            "availability_zone": "ap-northeast-2b",
            "availability_zone_id": "apne2-az2",
            "cidr_block": "10.0.5.0/24",
            "customer_owned_ipv4_pool": "",
            "enable_dns64": false,
            "enable_resource_name_dns_a_record_on_launch": false,
            "enable_resource_name_dns_aaaa_record_on_launch": false,
            "id": "subnet-0b199de9d8b057004",
            "ipv6_cidr_block": "",
            "ipv6_cidr_block_association_id": "",
            "ipv6_native": false,
            "map_customer_owned_ip_on_launch": false,
            "map_public_ip_on_launch": true,
            "outpost_arn": "",
            "owner_id": "525017980305",
            "private_dns_hostname_type_on_launch": "ip-name",
            "tags": {
              "ClusterTag": "eks-innfi",
              "Name": "eks-innfi-public-ap-northeast-2b",
              "kubernetes.io/cluster/eks-innfi": "shared",
              "kubernetes.io/role/elb": "1"
            },
            "tags_all": {
              "ClusterTag": "eks-innfi",
              "Name": "eks-innfi-public-ap-northeast-2b",
              "kubernetes.io/cluster/eks-innfi": "shared",
              "kubernetes.io/role/elb": "1"
            },
            "timeouts": null,
            "vpc_id": "vpc-01414904653cdbe6d"
          },
          "sensitive_attributes": [],
          "private": "eyJlMmJmYjczMC1lY2FhLTExZTYtOGY4OC0zNDM2M2JjN2M0YzAiOnsiY3JlYXRlIjo2MDAwMDAwMDAwMDAsImRlbGV0ZSI6MTIwMDAwMDAwMDAwMH0sInNjaGVtYV92ZXJzaW9uIjoiMSJ9",
          "dependencies": [
            "module.vpc.aws_vpc.this",
            "module.vpc.aws_vpc_ipv4_cidr_block_association.this"
          ]
        }
      ]
    },
    {
      "module": "module.vpc",
      "mode": "managed",
      "type": "aws_vpc",
      "name": "this",
      "provider": "provider[\"registry.terraform.io/hashicorp/aws\"]",
      "instances": [
        {
          "index_key": 0,
          "schema_version": 1,
          "attributes": {
            "arn": "arn:aws:ec2:ap-northeast-2:525017980305:vpc/vpc-01414904653cdbe6d",
            "assign_generated_ipv6_cidr_block": false,
            "cidr_block": "10.0.0.0/16",
            "default_network_acl_id": "acl-0e9671331ed8d818a",
            "default_route_table_id": "rtb-0e6bd0e81a3b044fc",
            "default_security_group_id": "sg-0ec804bed732ca6f5",
            "dhcp_options_id": "dopt-833febe8",
            "enable_classiclink": false,
            "enable_classiclink_dns_support": false,
            "enable_dns_hostnames": true,
            "enable_dns_support": true,
            "id": "vpc-01414904653cdbe6d",
            "instance_tenancy": "default",
            "ipv4_ipam_pool_id": null,
            "ipv4_netmask_length": null,
            "ipv6_association_id": "",
            "ipv6_cidr_block": "",
            "ipv6_cidr_block_network_border_group": "",
            "ipv6_ipam_pool_id": "",
            "ipv6_netmask_length": 0,
            "main_route_table_id": "rtb-0e6bd0e81a3b044fc",
            "owner_id": "525017980305",
            "tags": {
              "ClusterTag": "eks-innfi",
              "Name": "eks-innfi"
            },
            "tags_all": {
              "ClusterTag": "eks-innfi",
              "Name": "eks-innfi"
            }
          },
          "sensitive_attributes": [],
          "private": "eyJzY2hlbWFfdmVyc2lvbiI6IjEifQ=="
        }
      ]
    }
  ]
}
